
Microsoft Visual Studio Solution File, Format Version 12.00
# Visual Studio Version 17
VisualStudioVersion = 17.8.34322.80
MinimumVisualStudioVersion = 10.0.40219.1
Project("{FAE04EC0-301F-11D3-BF4B-00C04F79EFBC}") = "GoF", "GoF.csproj", "{584FE97D-2121-4087-A401-06F9069D34E6}"
EndProject
Global
	GlobalSection(SolutionConfigurationPlatforms) = preSolution
		Debug|Any CPU = Debug|Any CPU
		Release|Any CPU = Release|Any CPU
	EndGlobalSection
	GlobalSection(ProjectConfigurationPlatforms) = postSolution
		{584FE97D-2121-4087-A401-06F9069D34E6}.Debug|Any CPU.ActiveCfg = Debug|Any CPU
		{584FE97D-2121-4087-A401-06F9069D34E6}.Debug|Any CPU.Build.0 = Debug|Any CPU
		{584FE97D-2121-4087-A401-06F9069D34E6}.Release|Any CPU.ActiveCfg = Release|Any CPU
		{584FE97D-2121-4087-A401-06F9069D34E6}.Release|Any CPU.Build.0 = Release|Any CPU
	EndGlobalSection
	GlobalSection(SolutionProperties) = preSolution
		HideSolutionNode = FALSE
	EndGlobalSection
	GlobalSection(ExtensibilityGlobals) = postSolution
		SolutionGuid = {FC452BDB-93B5-4409-9FF8-B9091FA2B77D}
	EndGlobalSection
EndGlobal
